<?xml version="1.0" encoding="utf-8"?>
<Project ToolsVersion="4.0" xmlns="http://schemas.microsoft.com/developer/msbuild/2003">
  <ItemGroup>
    <Filter Include="Source Files">
      <UniqueIdentifier>{4FC737F1-C7A5-4376-A066-2A32D752A2FF}</UniqueIdentifier>
      <Extensions>cpp;c;cc;cxx;def;odl;idl;hpj;bat;asm;asmx</Extensions>
    </Filter>
    <Filter Include="Header Files">
      <UniqueIdentifier>{93995380-89BD-4b04-88EB-625FBE52EBFB}</UniqueIdentifier>
      <Extensions>h;hh;hpp;hxx;hm;inl;inc;xsd</Extensions>
    </Filter>
    <Filter Include="Resource Files">
      <UniqueIdentifier>{67DA6AB6-F800-4c08-8B7A-83BB121AAD01}</UniqueIdentifier>
      <Extensions>rc;ico;cur;bmp;dlg;rc2;rct;bin;rgs;gif;jpg;jpeg;jpe;resx;tiff;tif;png;wav;mfcribbon-ms</Extensions>
    </Filter>
  </ItemGroup>
  <ItemGroup>
    <Text Include="ReadMe.txt" />
  </ItemGroup>
  <ItemGroup>
    <ClInclude Include="stdafx.h">
      <Filter>Header Files</Filter>
    </ClInclude>
    <ClInclude Include="targetver.h">
      <Filter>Header Files</Filter>
    </ClInclude>
    <ClInclude Include="app.h">
      <Filter>Header Files</Filter>
    </ClInclude>
    <ClInclude Include="timing.h">
      <Filter>Header Files</Filter>
    </ClInclude>
    <ClInclude Include="ogl_headers.h">
      <Filter>Header Files</Filter>
    </ClInclude>
    <ClInclude Include="cyclone_include\body.h">
      <Filter>Header Files</Filter>
    </ClInclude>
    <ClInclude Include="cyclone_include\collide_coarse.h">
      <Filter>Header Files</Filter>
    </ClInclude>
    <ClInclude Include="cyclone_include\collide_fine.h">
      <Filter>Header Files</Filter>
    </ClInclude>
    <ClInclude Include="cyclone_include\contacts.h">
      <Filter>Header Files</Filter>
    </ClInclude>
    <ClInclude Include="cyclone_include\core.h">
      <Filter>Header Files</Filter>
    </ClInclude>
    <ClInclude Include="cyclone_include\cyclone.h">
      <Filter>Header Files</Filter>
    </ClInclude>
    <ClInclude Include="cyclone_include\fgen.h">
      <Filter>Header Files</Filter>
    </ClInclude>
    <ClInclude Include="cyclone_include\joints.h">
      <Filter>Header Files</Filter>
    </ClInclude>
    <ClInclude Include="cyclone_include\particle.h">
      <Filter>Header Files</Filter>
    </ClInclude>
    <ClInclude Include="cyclone_include\pcontacts.h">
      <Filter>Header Files</Filter>
    </ClInclude>
    <ClInclude Include="cyclone_include\pfgen.h">
      <Filter>Header Files</Filter>
    </ClInclude>
    <ClInclude Include="cyclone_include\plinks.h">
      <Filter>Header Files</Filter>
    </ClInclude>
    <ClInclude Include="cyclone_include\precision.h">
      <Filter>Header Files</Filter>
    </ClInclude>
    <ClInclude Include="cyclone_include\pworld.h">
      <Filter>Header Files</Filter>
    </ClInclude>
    <ClInclude Include="cyclone_include\random.h">
      <Filter>Header Files</Filter>
    </ClInclude>
    <ClInclude Include="cyclone_include\world.h">
      <Filter>Header Files</Filter>
    </ClInclude>
  </ItemGroup>
  <ItemGroup>
    <ClCompile Include="body.cpp">
      <Filter>Source Files</Filter>
    </ClCompile>
    <ClCompile Include="collide_coarse.cpp">
      <Filter>Source Files</Filter>
    </ClCompile>
    <ClCompile Include="collide_fine.cpp">
      <Filter>Source Files</Filter>
    </ClCompile>
    <ClCompile Include="contacts.cpp">
      <Filter>Source Files</Filter>
    </ClCompile>
    <ClCompile Include="core.cpp">
      <Filter>Source Files</Filter>
    </ClCompile>
    <ClCompile Include="fgen.cpp">
      <Filter>Source Files</Filter>
    </ClCompile>
    <ClCompile Include="joints.cpp">
      <Filter>Source Files</Filter>
    </ClCompile>
    <ClCompile Include="particle.cpp">
      <Filter>Source Files</Filter>
    </ClCompile>
    <ClCompile Include="pcontacts.cpp">
      <Filter>Source Files</Filter>
    </ClCompile>
    <ClCompile Include="pfgen.cpp">
      <Filter>Source Files</Filter>
    </ClCompile>
    <ClCompile Include="plinks.cpp">
      <Filter>Source Files</Filter>
    </ClCompile>
    <ClCompile Include="pworld.cpp">
      <Filter>Source Files</Filter>
    </ClCompile>
    <ClCompile Include="random.cpp">
      <Filter>Source Files</Filter>
    </ClCompile>
    <ClCompile Include="timing.cpp">
      <Filter>Source Files</Filter>
    </ClCompile>
    <ClCompile Include="app.cpp">
      <Filter>Source Files</Filter>
    </ClCompile>
    <ClCompile Include="maincpp.cpp">
      <Filter>Source Files</Filter>
    </ClCompile>
  </ItemGroup>
</Project>